// !$*UTF8*$!
{
	archiveVersion = 1;
	classes = {
	};
	objectVersion = 56;
	objects = {

/* Begin PBXBuildFile section */
		A6E576852A319ED6008B76EE /* DumpApp.swift in Sources */ = {isa = PBXBuildFile; fileRef = A6E576842A319ED6008B76EE /* DumpApp.swift */; };
		A6E576872A319ED6008B76EE /* MainView.swift in Sources */ = {isa = PBXBuildFile; fileRef = A6E576862A319ED6008B76EE /* MainView.swift */; };
		A6E576892A319ED9008B76EE /* Assets.xcassets in Resources */ = {isa = PBXBuildFile; fileRef = A6E576882A319ED9008B76EE /* Assets.xcassets */; };
		A6E5768C2A319ED9008B76EE /* Preview Assets.xcassets in Resources */ = {isa = PBXBuildFile; fileRef = A6E5768B2A319ED9008B76EE /* Preview Assets.xcassets */; };
		A6E576962A319EDA008B76EE /* DumpTests.swift in Sources */ = {isa = PBXBuildFile; fileRef = A6E576952A319EDA008B76EE /* DumpTests.swift */; };
		A6E576A02A319EDA008B76EE /* DumpUITests.swift in Sources */ = {isa = PBXBuildFile; fileRef = A6E5769F2A319EDA008B76EE /* DumpUITests.swift */; };
		A6E576A22A319EDA008B76EE /* DumpUITestsLaunchTests.swift in Sources */ = {isa = PBXBuildFile; fileRef = A6E576A12A319EDA008B76EE /* DumpUITestsLaunchTests.swift */; };
		A6E576B02A31A222008B76EE /* FirebaseAuth in Frameworks */ = {isa = PBXBuildFile; productRef = A6E576AF2A31A221008B76EE /* FirebaseAuth */; };
		A6E576B22A31A222008B76EE /* FirebaseFirestore in Frameworks */ = {isa = PBXBuildFile; productRef = A6E576B12A31A222008B76EE /* FirebaseFirestore */; };
		A6E576B42A31A222008B76EE /* FirebaseFirestoreSwift in Frameworks */ = {isa = PBXBuildFile; productRef = A6E576B32A31A222008B76EE /* FirebaseFirestoreSwift */; };
		A6E576B62A31A612008B76EE /* GoogleService-Info.plist in Resources */ = {isa = PBXBuildFile; fileRef = A6E576B52A31A610008B76EE /* GoogleService-Info.plist */; };
		A6E576BC2A31A93C008B76EE /* LoginView.swift in Sources */ = {isa = PBXBuildFile; fileRef = A6E576BB2A31A93C008B76EE /* LoginView.swift */; };
		A6E576BE2A31A94E008B76EE /* RegisterView.swift in Sources */ = {isa = PBXBuildFile; fileRef = A6E576BD2A31A94E008B76EE /* RegisterView.swift */; };
		A6E576C02A31A995008B76EE /* ShoutView.swift in Sources */ = {isa = PBXBuildFile; fileRef = A6E576BF2A31A995008B76EE /* ShoutView.swift */; };
		A6E576C22A31A9C3008B76EE /* NewShoutView.swift in Sources */ = {isa = PBXBuildFile; fileRef = A6E576C12A31A9C3008B76EE /* NewShoutView.swift */; };
		A6E576C42A31AA22008B76EE /* ShoutItemView.swift in Sources */ = {isa = PBXBuildFile; fileRef = A6E576C32A31AA22008B76EE /* ShoutItemView.swift */; };
		A6E576C62A31AA5D008B76EE /* User.swift in Sources */ = {isa = PBXBuildFile; fileRef = A6E576C52A31AA5D008B76EE /* User.swift */; };
		A6E576C82A31AA77008B76EE /* Shouts.swift in Sources */ = {isa = PBXBuildFile; fileRef = A6E576C72A31AA77008B76EE /* Shouts.swift */; };
		A6E576CA2A31AA96008B76EE /* MainViewViewModel.swift in Sources */ = {isa = PBXBuildFile; fileRef = A6E576C92A31AA96008B76EE /* MainViewViewModel.swift */; };
		A6E576CC2A31AAA7008B76EE /* LoginViewViewModel.swift in Sources */ = {isa = PBXBuildFile; fileRef = A6E576CB2A31AAA7008B76EE /* LoginViewViewModel.swift */; };
		A6E576CE2A31AAB9008B76EE /* RegisterViewViewModel.swift in Sources */ = {isa = PBXBuildFile; fileRef = A6E576CD2A31AAB9008B76EE /* RegisterViewViewModel.swift */; };
		A6E576D02A31AACC008B76EE /* ShoutViewViewModel.swift in Sources */ = {isa = PBXBuildFile; fileRef = A6E576CF2A31AACC008B76EE /* ShoutViewViewModel.swift */; };
		A6E576D22A31AADD008B76EE /* NewShoutViewViewModel.swift in Sources */ = {isa = PBXBuildFile; fileRef = A6E576D12A31AADD008B76EE /* NewShoutViewViewModel.swift */; };
		A6E576D42A31AAF0008B76EE /* ShoutItemViewViewModel.swift in Sources */ = {isa = PBXBuildFile; fileRef = A6E576D32A31AAF0008B76EE /* ShoutItemViewViewModel.swift */; };
/* End PBXBuildFile section */

/* Begin PBXContainerItemProxy section */
		A6E576922A319EDA008B76EE /* PBXContainerItemProxy */ = {
			isa = PBXContainerItemProxy;
			containerPortal = A6E576792A319ED6008B76EE /* Project object */;
			proxyType = 1;
			remoteGlobalIDString = A6E576802A319ED6008B76EE;
			remoteInfo = Dump;
		};
		A6E5769C2A319EDA008B76EE /* PBXContainerItemProxy */ = {
			isa = PBXContainerItemProxy;
			containerPortal = A6E576792A319ED6008B76EE /* Project object */;
			proxyType = 1;
			remoteGlobalIDString = A6E576802A319ED6008B76EE;
			remoteInfo = Dump;
		};
/* End PBXContainerItemProxy section */

/* Begin PBXFileReference section */
		A6E576812A319ED6008B76EE /* Dump.app */ = {isa = PBXFileReference; explicitFileType = wrapper.application; includeInIndex = 0; path = Dump.app; sourceTree = BUILT_PRODUCTS_DIR; };
		A6E576842A319ED6008B76EE /* DumpApp.swift */ = {isa = PBXFileReference; lastKnownFileType = sourcecode.swift; path = DumpApp.swift; sourceTree = "<group>"; };
		A6E576862A319ED6008B76EE /* MainView.swift */ = {isa = PBXFileReference; lastKnownFileType = sourcecode.swift; path = MainView.swift; sourceTree = "<group>"; };
		A6E576882A319ED9008B76EE /* Assets.xcassets */ = {isa = PBXFileReference; lastKnownFileType = folder.assetcatalog; path = Assets.xcassets; sourceTree = "<group>"; };
		A6E5768B2A319ED9008B76EE /* Preview Assets.xcassets */ = {isa = PBXFileReference; lastKnownFileType = folder.assetcatalog; path = "Preview Assets.xcassets"; sourceTree = "<group>"; };
		A6E576912A319EDA008B76EE /* DumpTests.xctest */ = {isa = PBXFileReference; explicitFileType = wrapper.cfbundle; includeInIndex = 0; path = DumpTests.xctest; sourceTree = BUILT_PRODUCTS_DIR; };
		A6E576952A319EDA008B76EE /* DumpTests.swift */ = {isa = PBXFileReference; lastKnownFileType = sourcecode.swift; path = DumpTests.swift; sourceTree = "<group>"; };
		A6E5769B2A319EDA008B76EE /* DumpUITests.xctest */ = {isa = PBXFileReference; explicitFileType = wrapper.cfbundle; includeInIndex = 0; path = DumpUITests.xctest; sourceTree = BUILT_PRODUCTS_DIR; };
		A6E5769F2A319EDA008B76EE /* DumpUITests.swift */ = {isa = PBXFileReference; lastKnownFileType = sourcecode.swift; path = DumpUITests.swift; sourceTree = "<group>"; };
		A6E576A12A319EDA008B76EE /* DumpUITestsLaunchTests.swift */ = {isa = PBXFileReference; lastKnownFileType = sourcecode.swift; path = DumpUITestsLaunchTests.swift; sourceTree = "<group>"; };
		A6E576B52A31A610008B76EE /* GoogleService-Info.plist */ = {isa = PBXFileReference; fileEncoding = 4; lastKnownFileType = text.plist.xml; path = "GoogleService-Info.plist"; sourceTree = "<group>"; };
		A6E576BB2A31A93C008B76EE /* LoginView.swift */ = {isa = PBXFileReference; lastKnownFileType = sourcecode.swift; path = LoginView.swift; sourceTree = "<group>"; };
		A6E576BD2A31A94E008B76EE /* RegisterView.swift */ = {isa = PBXFileReference; lastKnownFileType = sourcecode.swift; path = RegisterView.swift; sourceTree = "<group>"; };
		A6E576BF2A31A995008B76EE /* ShoutView.swift */ = {isa = PBXFileReference; lastKnownFileType = sourcecode.swift; path = ShoutView.swift; sourceTree = "<group>"; };
		A6E576C12A31A9C3008B76EE /* NewShoutView.swift */ = {isa = PBXFileReference; lastKnownFileType = sourcecode.swift; path = NewShoutView.swift; sourceTree = "<group>"; };
		A6E576C32A31AA22008B76EE /* ShoutItemView.swift */ = {isa = PBXFileReference; lastKnownFileType = sourcecode.swift; path = ShoutItemView.swift; sourceTree = "<group>"; };
		A6E576C52A31AA5D008B76EE /* User.swift */ = {isa = PBXFileReference; lastKnownFileType = sourcecode.swift; path = User.swift; sourceTree = "<group>"; };
		A6E576C72A31AA77008B76EE /* Shouts.swift */ = {isa = PBXFileReference; lastKnownFileType = sourcecode.swift; path = Shouts.swift; sourceTree = "<group>"; };
		A6E576C92A31AA96008B76EE /* MainViewViewModel.swift */ = {isa = PBXFileReference; lastKnownFileType = sourcecode.swift; path = MainViewViewModel.swift; sourceTree = "<group>"; };
		A6E576CB2A31AAA7008B76EE /* LoginViewViewModel.swift */ = {isa = PBXFileReference; lastKnownFileType = sourcecode.swift; path = LoginViewViewModel.swift; sourceTree = "<group>"; };
		A6E576CD2A31AAB9008B76EE /* RegisterViewViewModel.swift */ = {isa = PBXFileReference; lastKnownFileType = sourcecode.swift; path = RegisterViewViewModel.swift; sourceTree = "<group>"; };
		A6E576CF2A31AACC008B76EE /* ShoutViewViewModel.swift */ = {isa = PBXFileReference; lastKnownFileType = sourcecode.swift; path = ShoutViewViewModel.swift; sourceTree = "<group>"; };
		A6E576D12A31AADD008B76EE /* NewShoutViewViewModel.swift */ = {isa = PBXFileReference; lastKnownFileType = sourcecode.swift; path = NewShoutViewViewModel.swift; sourceTree = "<group>"; };
		A6E576D32A31AAF0008B76EE /* ShoutItemViewViewModel.swift */ = {isa = PBXFileReference; lastKnownFileType = sourcecode.swift; path = ShoutItemViewViewModel.swift; sourceTree = "<group>"; };
/* End PBXFileReference section */

/* Begin PBXFrameworksBuildPhase section */
		A6E5767E2A319ED6008B76EE /* Frameworks */ = {
			isa = PBXFrameworksBuildPhase;
			buildActionMask = 2147483647;
			files = (
				A6E576B02A31A222008B76EE /* FirebaseAuth in Frameworks */,
				A6E576B22A31A222008B76EE /* FirebaseFirestore in Frameworks */,
				A6E576B42A31A222008B76EE /* FirebaseFirestoreSwift in Frameworks */,
			);
			runOnlyForDeploymentPostprocessing = 0;
		};
		A6E5768E2A319EDA008B76EE /* Frameworks */ = {
			isa = PBXFrameworksBuildPhase;
			buildActionMask = 2147483647;
			files = (
			);
			runOnlyForDeploymentPostprocessing = 0;
		};
		A6E576982A319EDA008B76EE /* Frameworks */ = {
			isa = PBXFrameworksBuildPhase;
			buildActionMask = 2147483647;
			files = (
			);
			runOnlyForDeploymentPostprocessing = 0;
		};
/* End PBXFrameworksBuildPhase section */

/* Begin PBXGroup section */
		A6E576782A319ED6008B76EE = {
			isa = PBXGroup;
			children = (
				A6E576832A319ED6008B76EE /* Dump */,
				A6E576942A319EDA008B76EE /* DumpTests */,
				A6E5769E2A319EDA008B76EE /* DumpUITests */,
				A6E576822A319ED6008B76EE /* Products */,
			);
			sourceTree = "<group>";
		};
		A6E576822A319ED6008B76EE /* Products */ = {
			isa = PBXGroup;
			children = (
				A6E576812A319ED6008B76EE /* Dump.app */,
				A6E576912A319EDA008B76EE /* DumpTests.xctest */,
				A6E5769B2A319EDA008B76EE /* DumpUITests.xctest */,
			);
			name = Products;
			sourceTree = "<group>";
		};
		A6E576832A319ED6008B76EE /* Dump */ = {
			isa = PBXGroup;
			children = (
				A6E576BA2A31A827008B76EE /* Models */,
				A6E576B92A31A7F1008B76EE /* Others */,
				A6E576B82A31A7E7008B76EE /* ViewModels */,
				A6E576B72A31A7D3008B76EE /* Views */,
				A6E5768A2A319ED9008B76EE /* Preview Content */,
			);
			path = Dump;
			sourceTree = "<group>";
		};
		A6E5768A2A319ED9008B76EE /* Preview Content */ = {
			isa = PBXGroup;
			children = (
				A6E5768B2A319ED9008B76EE /* Preview Assets.xcassets */,
			);
			path = "Preview Content";
			sourceTree = "<group>";
		};
		A6E576942A319EDA008B76EE /* DumpTests */ = {
			isa = PBXGroup;
			children = (
				A6E576952A319EDA008B76EE /* DumpTests.swift */,
			);
			path = DumpTests;
			sourceTree = "<group>";
		};
		A6E5769E2A319EDA008B76EE /* DumpUITests */ = {
			isa = PBXGroup;
			children = (
				A6E5769F2A319EDA008B76EE /* DumpUITests.swift */,
				A6E576A12A319EDA008B76EE /* DumpUITestsLaunchTests.swift */,
			);
			path = DumpUITests;
			sourceTree = "<group>";
		};
		A6E576B72A31A7D3008B76EE /* Views */ = {
			isa = PBXGroup;
			children = (
				A6E576862A319ED6008B76EE /* MainView.swift */,
				A6E576BB2A31A93C008B76EE /* LoginView.swift */,
				A6E576BD2A31A94E008B76EE /* RegisterView.swift */,
				A6E576BF2A31A995008B76EE /* ShoutView.swift */,
				A6E576C12A31A9C3008B76EE /* NewShoutView.swift */,
				A6E576C32A31AA22008B76EE /* ShoutItemView.swift */,
			);
			path = Views;
			sourceTree = "<group>";
		};
		A6E576B82A31A7E7008B76EE /* ViewModels */ = {
			isa = PBXGroup;
			children = (
				A6E576C92A31AA96008B76EE /* MainViewViewModel.swift */,
				A6E576CB2A31AAA7008B76EE /* LoginViewViewModel.swift */,
				A6E576CD2A31AAB9008B76EE /* RegisterViewViewModel.swift */,
				A6E576CF2A31AACC008B76EE /* ShoutViewViewModel.swift */,
				A6E576D12A31AADD008B76EE /* NewShoutViewViewModel.swift */,
				A6E576D32A31AAF0008B76EE /* ShoutItemViewViewModel.swift */,
			);
			path = ViewModels;
			sourceTree = "<group>";
		};
		A6E576B92A31A7F1008B76EE /* Others */ = {
			isa = PBXGroup;
			children = (
				A6E576B52A31A610008B76EE /* GoogleService-Info.plist */,
				A6E576842A319ED6008B76EE /* DumpApp.swift */,
				A6E576882A319ED9008B76EE /* Assets.xcassets */,
			);
			path = Others;
			sourceTree = "<group>";
		};
		A6E576BA2A31A827008B76EE /* Models */ = {
			isa = PBXGroup;
			children = (
				A6E576C52A31AA5D008B76EE /* User.swift */,
				A6E576C72A31AA77008B76EE /* Shouts.swift */,
			);
			path = Models;
			sourceTree = "<group>";
		};
/* End PBXGroup section */

/* Begin PBXNativeTarget section */
		A6E576802A319ED6008B76EE /* Dump */ = {
			isa = PBXNativeTarget;
			buildConfigurationList = A6E576A52A319EDA008B76EE /* Build configuration list for PBXNativeTarget "Dump" */;
			buildPhases = (
				A6E5767D2A319ED6008B76EE /* Sources */,
				A6E5767E2A319ED6008B76EE /* Frameworks */,
				A6E5767F2A319ED6008B76EE /* Resources */,
			);
			buildRules = (
			);
			dependencies = (
			);
			name = Dump;
			packageProductDependencies = (
				A6E576AF2A31A221008B76EE /* FirebaseAuth */,
				A6E576B12A31A222008B76EE /* FirebaseFirestore */,
				A6E576B32A31A222008B76EE /* FirebaseFirestoreSwift */,
			);
			productName = Dump;
			productReference = A6E576812A319ED6008B76EE /* Dump.app */;
			productType = "com.apple.product-type.application";
		};
		A6E576902A319EDA008B76EE /* DumpTests */ = {
			isa = PBXNativeTarget;
			buildConfigurationList = A6E576A82A319EDA008B76EE /* Build configuration list for PBXNativeTarget "DumpTests" */;
			buildPhases = (
				A6E5768D2A319EDA008B76EE /* Sources */,
				A6E5768E2A319EDA008B76EE /* Frameworks */,
				A6E5768F2A319EDA008B76EE /* Resources */,
			);
			buildRules = (
			);
			dependencies = (
				A6E576932A319EDA008B76EE /* PBXTargetDependency */,
			);
			name = DumpTests;
			productName = DumpTests;
			productReference = A6E576912A319EDA008B76EE /* DumpTests.xctest */;
			productType = "com.apple.product-type.bundle.unit-test";
		};
		A6E5769A2A319EDA008B76EE /* DumpUITests */ = {
			isa = PBXNativeTarget;
			buildConfigurationList = A6E576AB2A319EDA008B76EE /* Build configuration list for PBXNativeTarget "DumpUITests" */;
			buildPhases = (
				A6E576972A319EDA008B76EE /* Sources */,
				A6E576982A319EDA008B76EE /* Frameworks */,
				A6E576992A319EDA008B76EE /* Resources */,
			);
			buildRules = (
			);
			dependencies = (
				A6E5769D2A319EDA008B76EE /* PBXTargetDependency */,
			);
			name = DumpUITests;
			productName = DumpUITests;
			productReference = A6E5769B2A319EDA008B76EE /* DumpUITests.xctest */;
			productType = "com.apple.product-type.bundle.ui-testing";
		};
/* End PBXNativeTarget section */

/* Begin PBXProject section */
		A6E576792A319ED6008B76EE /* Project object */ = {
			isa = PBXProject;
			attributes = {
				BuildIndependentTargetsInParallel = 1;
				LastSwiftUpdateCheck = 1420;
				LastUpgradeCheck = 1420;
				TargetAttributes = {
					A6E576802A319ED6008B76EE = {
						CreatedOnToolsVersion = 14.2;
					};
					A6E576902A319EDA008B76EE = {
						CreatedOnToolsVersion = 14.2;
						TestTargetID = A6E576802A319ED6008B76EE;
					};
					A6E5769A2A319EDA008B76EE = {
						CreatedOnToolsVersion = 14.2;
						TestTargetID = A6E576802A319ED6008B76EE;
					};
				};
			};
			buildConfigurationList = A6E5767C2A319ED6008B76EE /* Build configuration list for PBXProject "Dump" */;
			compatibilityVersion = "Xcode 14.0";
			developmentRegion = en;
			hasScannedForEncodings = 0;
			knownRegions = (
				en,
				Base,
			);
			mainGroup = A6E576782A319ED6008B76EE;
			packageReferences = (
				A6E576AE2A31A221008B76EE /* XCRemoteSwiftPackageReference "firebase-ios-sdk" */,
			);
			productRefGroup = A6E576822A319ED6008B76EE /* Products */;
			projectDirPath = "";
			projectRoot = "";
			targets = (
				A6E576802A319ED6008B76EE /* Dump */,
				A6E576902A319EDA008B76EE /* DumpTests */,
				A6E5769A2A319EDA008B76EE /* DumpUITests */,
			);
		};
/* End PBXProject section */

/* Begin PBXResourcesBuildPhase section */
		A6E5767F2A319ED6008B76EE /* Resources */ = {
			isa = PBXResourcesBuildPhase;
			buildActionMask = 2147483647;
			files = (
				A6E5768C2A319ED9008B76EE /* Preview Assets.xcassets in Resources */,
				A6E576B62A31A612008B76EE /* GoogleService-Info.plist in Resources */,
				A6E576892A319ED9008B76EE /* Assets.xcassets in Resources */,
			);
			runOnlyForDeploymentPostprocessing = 0;
		};
		A6E5768F2A319EDA008B76EE /* Resources */ = {
			isa = PBXResourcesBuildPhase;
			buildActionMask = 2147483647;
			files = (
			);
			runOnlyForDeploymentPostprocessing = 0;
		};
		A6E576992A319EDA008B76EE /* Resources */ = {
			isa = PBXResourcesBuildPhase;
			buildActionMask = 2147483647;
			files = (
			);
			runOnlyForDeploymentPostprocessing = 0;
		};
/* End PBXResourcesBuildPhase section */

/* Begin PBXSourcesBuildPhase section */
		A6E5767D2A319ED6008B76EE /* Sources */ = {
			isa = PBXSourcesBuildPhase;
			buildActionMask = 2147483647;
			files = (
				A6E576D22A31AADD008B76EE /* NewShoutViewViewModel.swift in Sources */,
				A6E576CC2A31AAA7008B76EE /* LoginViewViewModel.swift in Sources */,
				A6E576BC2A31A93C008B76EE /* LoginView.swift in Sources */,
				A6E576CE2A31AAB9008B76EE /* RegisterViewViewModel.swift in Sources */,
				A6E576C02A31A995008B76EE /* ShoutView.swift in Sources */,
				A6E576BE2A31A94E008B76EE /* RegisterView.swift in Sources */,
				A6E576C82A31AA77008B76EE /* Shouts.swift in Sources */,
				A6E576D42A31AAF0008B76EE /* ShoutItemViewViewModel.swift in Sources */,
				A6E576C22A31A9C3008B76EE /* NewShoutView.swift in Sources */,
				A6E576D02A31AACC008B76EE /* ShoutViewViewModel.swift in Sources */,
				A6E576C62A31AA5D008B76EE /* User.swift in Sources */,
				A6E576872A319ED6008B76EE /* MainView.swift in Sources */,
				A6E576C42A31AA22008B76EE /* ShoutItemView.swift in Sources */,
				A6E576CA2A31AA96008B76EE /* MainViewViewModel.swift in Sources */,
				A6E576852A319ED6008B76EE /* DumpApp.swift in Sources */,
			);
			runOnlyForDeploymentPostprocessing = 0;
		};
		A6E5768D2A319EDA008B76EE /* Sources */ = {
			isa = PBXSourcesBuildPhase;
			buildActionMask = 2147483647;
			files = (
				A6E576962A319EDA008B76EE /* DumpTests.swift in Sources */,
			);
			runOnlyForDeploymentPostprocessing = 0;
		};
		A6E576972A319EDA008B76EE /* Sources */ = {
			isa = PBXSourcesBuildPhase;
			buildActionMask = 2147483647;
			files = (
				A6E576A22A319EDA008B76EE /* DumpUITestsLaunchTests.swift in Sources */,
				A6E576A02A319EDA008B76EE /* DumpUITests.swift in Sources */,
			);
			runOnlyForDeploymentPostprocessing = 0;
		};
/* End PBXSourcesBuildPhase section */

/* Begin PBXTargetDependency section */
		A6E576932A319EDA008B76EE /* PBXTargetDependency */ = {
			isa = PBXTargetDependency;
			target = A6E576802A319ED6008B76EE /* Dump */;
			targetProxy = A6E576922A319EDA008B76EE /* PBXContainerItemProxy */;
		};
		A6E5769D2A319EDA008B76EE /* PBXTargetDependency */ = {
			isa = PBXTargetDependency;
			target = A6E576802A319ED6008B76EE /* Dump */;
			targetProxy = A6E5769C2A319EDA008B76EE /* PBXContainerItemProxy */;
		};
/* End PBXTargetDependency section */

/* Begin XCBuildConfiguration section */
		A6E576A32A319EDA008B76EE /* Debug */ = {
			isa = XCBuildConfiguration;
			buildSettings = {
				ALWAYS_SEARCH_USER_PATHS = NO;
				CLANG_ANALYZER_NONNULL = YES;
				CLANG_ANALYZER_NUMBER_OBJECT_CONVERSION = YES_AGGRESSIVE;
				CLANG_CXX_LANGUAGE_STANDARD = "gnu++20";
				CLANG_ENABLE_MODULES = YES;
				CLANG_ENABLE_OBJC_ARC = YES;
				CLANG_ENABLE_OBJC_WEAK = YES;
				CLANG_WARN_BLOCK_CAPTURE_AUTORELEASING = YES;
				CLANG_WARN_BOOL_CONVERSION = YES;
				CLANG_WARN_COMMA = YES;
				CLANG_WARN_CONSTANT_CONVERSION = YES;
				CLANG_WARN_DEPRECATED_OBJC_IMPLEMENTATIONS = YES;
				CLANG_WARN_DIRECT_OBJC_ISA_USAGE = YES_ERROR;
				CLANG_WARN_DOCUMENTATION_COMMENTS = YES;
				CLANG_WARN_EMPTY_BODY = YES;
				CLANG_WARN_ENUM_CONVERSION = YES;
				CLANG_WARN_INFINITE_RECURSION = YES;
				CLANG_WARN_INT_CONVERSION = YES;
				CLANG_WARN_NON_LITERAL_NULL_CONVERSION = YES;
				CLANG_WARN_OBJC_IMPLICIT_RETAIN_SELF = YES;
				CLANG_WARN_OBJC_LITERAL_CONVERSION = YES;
				CLANG_WARN_OBJC_ROOT_CLASS = YES_ERROR;
				CLANG_WARN_QUOTED_INCLUDE_IN_FRAMEWORK_HEADER = YES;
				CLANG_WARN_RANGE_LOOP_ANALYSIS = YES;
				CLANG_WARN_STRICT_PROTOTYPES = YES;
				CLANG_WARN_SUSPICIOUS_MOVE = YES;
				CLANG_WARN_UNGUARDED_AVAILABILITY = YES_AGGRESSIVE;
				CLANG_WARN_UNREACHABLE_CODE = YES;
				CLANG_WARN__DUPLICATE_METHOD_MATCH = YES;
				COPY_PHASE_STRIP = NO;
				DEBUG_INFORMATION_FORMAT = dwarf;
				ENABLE_STRICT_OBJC_MSGSEND = YES;
				ENABLE_TESTABILITY = YES;
				GCC_C_LANGUAGE_STANDARD = gnu11;
				GCC_DYNAMIC_NO_PIC = NO;
				GCC_NO_COMMON_BLOCKS = YES;
				GCC_OPTIMIZATION_LEVEL = 0;
				GCC_PREPROCESSOR_DEFINITIONS = (
					"DEBUG=1",
					"$(inherited)",
				);
				GCC_WARN_64_TO_32_BIT_CONVERSION = YES;
				GCC_WARN_ABOUT_RETURN_TYPE = YES_ERROR;
				GCC_WARN_UNDECLARED_SELECTOR = YES;
				GCC_WARN_UNINITIALIZED_AUTOS = YES_AGGRESSIVE;
				GCC_WARN_UNUSED_FUNCTION = YES;
				GCC_WARN_UNUSED_VARIABLE = YES;
				IPHONEOS_DEPLOYMENT_TARGET = 16.2;
				MTL_ENABLE_DEBUG_INFO = INCLUDE_SOURCE;
				MTL_FAST_MATH = YES;
				ONLY_ACTIVE_ARCH = YES;
				SDKROOT = iphoneos;
				SWIFT_ACTIVE_COMPILATION_CONDITIONS = DEBUG;
				SWIFT_OPTIMIZATION_LEVEL = "-Onone";
			};
			name = Debug;
		};
		A6E576A42A319EDA008B76EE /* Release */ = {
			isa = XCBuildConfiguration;
			buildSettings = {
				ALWAYS_SEARCH_USER_PATHS = NO;
				CLANG_ANALYZER_NONNULL = YES;
				CLANG_ANALYZER_NUMBER_OBJECT_CONVERSION = YES_AGGRESSIVE;
				CLANG_CXX_LANGUAGE_STANDARD = "gnu++20";
				CLANG_ENABLE_MODULES = YES;
				CLANG_ENABLE_OBJC_ARC = YES;
				CLANG_ENABLE_OBJC_WEAK = YES;
				CLANG_WARN_BLOCK_CAPTURE_AUTORELEASING = YES;
				CLANG_WARN_BOOL_CONVERSION = YES;
				CLANG_WARN_COMMA = YES;
				CLANG_WARN_CONSTANT_CONVERSION = YES;
				CLANG_WARN_DEPRECATED_OBJC_IMPLEMENTATIONS = YES;
				CLANG_WARN_DIRECT_OBJC_ISA_USAGE = YES_ERROR;
				CLANG_WARN_DOCUMENTATION_COMMENTS = YES;
				CLANG_WARN_EMPTY_BODY = YES;
				CLANG_WARN_ENUM_CONVERSION = YES;
				CLANG_WARN_INFINITE_RECURSION = YES;
				CLANG_WARN_INT_CONVERSION = YES;
				CLANG_WARN_NON_LITERAL_NULL_CONVERSION = YES;
				CLANG_WARN_OBJC_IMPLICIT_RETAIN_SELF = YES;
				CLANG_WARN_OBJC_LITERAL_CONVERSION = YES;
				CLANG_WARN_OBJC_ROOT_CLASS = YES_ERROR;
				CLANG_WARN_QUOTED_INCLUDE_IN_FRAMEWORK_HEADER = YES;
				CLANG_WARN_RANGE_LOOP_ANALYSIS = YES;
				CLANG_WARN_STRICT_PROTOTYPES = YES;
				CLANG_WARN_SUSPICIOUS_MOVE = YES;
				CLANG_WARN_UNGUARDED_AVAILABILITY = YES_AGGRESSIVE;
				CLANG_WARN_UNREACHABLE_CODE = YES;
				CLANG_WARN__DUPLICATE_METHOD_MATCH = YES;
				COPY_PHASE_STRIP = NO;
				DEBUG_INFORMATION_FORMAT = "dwarf-with-dsym";
				ENABLE_NS_ASSERTIONS = NO;
				ENABLE_STRICT_OBJC_MSGSEND = YES;
				GCC_C_LANGUAGE_STANDARD = gnu11;
				GCC_NO_COMMON_BLOCKS = YES;
				GCC_WARN_64_TO_32_BIT_CONVERSION = YES;
				GCC_WARN_ABOUT_RETURN_TYPE = YES_ERROR;
				GCC_WARN_UNDECLARED_SELECTOR = YES;
				GCC_WARN_UNINITIALIZED_AUTOS = YES_AGGRESSIVE;
				GCC_WARN_UNUSED_FUNCTION = YES;
				GCC_WARN_UNUSED_VARIABLE = YES;
				IPHONEOS_DEPLOYMENT_TARGET = 16.2;
				MTL_ENABLE_DEBUG_INFO = NO;
				MTL_FAST_MATH = YES;
				SDKROOT = iphoneos;
				SWIFT_COMPILATION_MODE = wholemodule;
				SWIFT_OPTIMIZATION_LEVEL = "-O";
				VALIDATE_PRODUCT = YES;
			};
			name = Release;
		};
		A6E576A62A319EDA008B76EE /* Debug */ = {
			isa = XCBuildConfiguration;
			buildSettings = {
				ASSETCATALOG_COMPILER_APPICON_NAME = AppIcon;
				ASSETCATALOG_COMPILER_GLOBAL_ACCENT_COLOR_NAME = AccentColor;
				CODE_SIGN_STYLE = Automatic;
				CURRENT_PROJECT_VERSION = 1;
				DEVELOPMENT_ASSET_PATHS = "\"Dump/Preview Content\"";
				ENABLE_PREVIEWS = YES;
				GENERATE_INFOPLIST_FILE = YES;
				INFOPLIST_KEY_CFBundleDisplayName = Dump;
				INFOPLIST_KEY_UIApplicationSceneManifest_Generation = YES;
				INFOPLIST_KEY_UIApplicationSupportsIndirectInputEvents = YES;
				INFOPLIST_KEY_UILaunchScreen_Generation = YES;
				INFOPLIST_KEY_UISupportedInterfaceOrientations = UIInterfaceOrientationPortrait;
				INFOPLIST_KEY_UISupportedInterfaceOrientations_iPad = "UIInterfaceOrientationPortrait UIInterfaceOrientationPortraitUpsideDown";
				LD_RUNPATH_SEARCH_PATHS = (
					"$(inherited)",
					"@executable_path/Frameworks",
				);
				MARKETING_VERSION = 1.0;
				PRODUCT_BUNDLE_IDENTIFIER = pepe.Dump;
				PRODUCT_NAME = "$(TARGET_NAME)";
				SWIFT_EMIT_LOC_STRINGS = YES;
				SWIFT_VERSION = 5.0;
				TARGETED_DEVICE_FAMILY = "1,2";
			};
			name = Debug;
		};
		A6E576A72A319EDA008B76EE /* Release */ = {
			isa = XCBuildConfiguration;
			buildSettings = {
				ASSETCATALOG_COMPILER_APPICON_NAME = AppIcon;
				ASSETCATALOG_COMPILER_GLOBAL_ACCENT_COLOR_NAME = AccentColor;
				CODE_SIGN_STYLE = Automatic;
				CURRENT_PROJECT_VERSION = 1;
				DEVELOPMENT_ASSET_PATHS = "\"Dump/Preview Content\"";
				ENABLE_PREVIEWS = YES;
				GENERATE_INFOPLIST_FILE = YES;
				INFOPLIST_KEY_CFBundleDisplayName = Dump;
				INFOPLIST_KEY_UIApplicationSceneManifest_Generation = YES;
				INFOPLIST_KEY_UIApplicationSupportsIndirectInputEvents = YES;
				INFOPLIST_KEY_UILaunchScreen_Generation = YES;
				INFOPLIST_KEY_UISupportedInterfaceOrientations = UIInterfaceOrientationPortrait;
				INFOPLIST_KEY_UISupportedInterfaceOrientations_iPad = "UIInterfaceOrientationPortrait UIInterfaceOrientationPortraitUpsideDown";
				LD_RUNPATH_SEARCH_PATHS = (
					"$(inherited)",
					"@executable_path/Frameworks",
				);
				MARKETING_VERSION = 1.0;
				PRODUCT_BUNDLE_IDENTIFIER = pepe.Dump;
				PRODUCT_NAME = "$(TARGET_NAME)";
				SWIFT_EMIT_LOC_STRINGS = YES;
				SWIFT_VERSION = 5.0;
				TARGETED_DEVICE_FAMILY = "1,2";
			};
			name = Release;
		};
		A6E576A92A319EDA008B76EE /* Debug */ = {
			isa = XCBuildConfiguration;
			buildSettings = {
				ALWAYS_EMBED_SWIFT_STANDARD_LIBRARIES = YES;
				BUNDLE_LOADER = "$(TEST_HOST)";
				CODE_SIGN_STYLE = Automatic;
				CURRENT_PROJECT_VERSION = 1;
				GENERATE_INFOPLIST_FILE = YES;
				IPHONEOS_DEPLOYMENT_TARGET = 16.2;
				MARKETING_VERSION = 1.0;
				PRODUCT_BUNDLE_IDENTIFIER = pepe.DumpTests;
				PRODUCT_NAME = "$(TARGET_NAME)";
				SWIFT_EMIT_LOC_STRINGS = NO;
				SWIFT_VERSION = 5.0;
				TARGETED_DEVICE_FAMILY = "1,2";
				TEST_HOST = "$(BUILT_PRODUCTS_DIR)/Dump.app/$(BUNDLE_EXECUTABLE_FOLDER_PATH)/Dump";
			};
			name = Debug;
		};
		A6E576AA2A319EDA008B76EE /* Release */ = {
			isa = XCBuildConfiguration;
			buildSettings = {
				ALWAYS_EMBED_SWIFT_STANDARD_LIBRARIES = YES;
				BUNDLE_LOADER = "$(TEST_HOST)";
				CODE_SIGN_STYLE = Automatic;
				CURRENT_PROJECT_VERSION = 1;
				GENERATE_INFOPLIST_FILE = YES;
				IPHONEOS_DEPLOYMENT_TARGET = 16.2;
				MARKETING_VERSION = 1.0;
				PRODUCT_BUNDLE_IDENTIFIER = pepe.DumpTests;
				PRODUCT_NAME = "$(TARGET_NAME)";
				SWIFT_EMIT_LOC_STRINGS = NO;
				SWIFT_VERSION = 5.0;
				TARGETED_DEVICE_FAMILY = "1,2";
				TEST_HOST = "$(BUILT_PRODUCTS_DIR)/Dump.app/$(BUNDLE_EXECUTABLE_FOLDER_PATH)/Dump";
			};
			name = Release;
		};
		A6E576AC2A319EDA008B76EE /* Debug */ = {
			isa = XCBuildConfiguration;
			buildSettings = {
				ALWAYS_EMBED_SWIFT_STANDARD_LIBRARIES = YES;
				CODE_SIGN_STYLE = Automatic;
				CURRENT_PROJECT_VERSION = 1;
				GENERATE_INFOPLIST_FILE = YES;
				MARKETING_VERSION = 1.0;
				PRODUCT_BUNDLE_IDENTIFIER = pepe.DumpUITests;
				PRODUCT_NAME = "$(TARGET_NAME)";
				SWIFT_EMIT_LOC_STRINGS = NO;
				SWIFT_VERSION = 5.0;
				TARGETED_DEVICE_FAMILY = "1,2";
				TEST_TARGET_NAME = Dump;
			};
			name = Debug;
		};
		A6E576AD2A319EDA008B76EE /* Release */ = {
			isa = XCBuildConfiguration;
			buildSettings = {
				ALWAYS_EMBED_SWIFT_STANDARD_LIBRARIES = YES;
				CODE_SIGN_STYLE = Automatic;
				CURRENT_PROJECT_VERSION = 1;
				GENERATE_INFOPLIST_FILE = YES;
				MARKETING_VERSION = 1.0;
				PRODUCT_BUNDLE_IDENTIFIER = pepe.DumpUITests;
				PRODUCT_NAME = "$(TARGET_NAME)";
				SWIFT_EMIT_LOC_STRINGS = NO;
				SWIFT_VERSION = 5.0;
				TARGETED_DEVICE_FAMILY = "1,2";
				TEST_TARGET_NAME = Dump;
			};
			name = Release;
		};
/* End XCBuildConfiguration section */

/* Begin XCConfigurationList section */
		A6E5767C2A319ED6008B76EE /* Build configuration list for PBXProject "Dump" */ = {
			isa = XCConfigurationList;
			buildConfigurations = (
				A6E576A32A319EDA008B76EE /* Debug */,
				A6E576A42A319EDA008B76EE /* Release */,
			);
			defaultConfigurationIsVisible = 0;
			defaultConfigurationName = Release;
		};
		A6E576A52A319EDA008B76EE /* Build configuration list for PBXNativeTarget "Dump" */ = {
			isa = XCConfigurationList;
			buildConfigurations = (
				A6E576A62A319EDA008B76EE /* Debug */,
				A6E576A72A319EDA008B76EE /* Release */,
			);
			defaultConfigurationIsVisible = 0;
			defaultConfigurationName = Release;
		};
		A6E576A82A319EDA008B76EE /* Build configuration list for PBXNativeTarget "DumpTests" */ = {
			isa = XCConfigurationList;
			buildConfigurations = (
				A6E576A92A319EDA008B76EE /* Debug */,
				A6E576AA2A319EDA008B76EE /* Release */,
			);
			defaultConfigurationIsVisible = 0;
			defaultConfigurationName = Release;
		};
		A6E576AB2A319EDA008B76EE /* Build configuration list for PBXNativeTarget "DumpUITests" */ = {
			isa = XCConfigurationList;
			buildConfigurations = (
				A6E576AC2A319EDA008B76EE /* Debug */,
				A6E576AD2A319EDA008B76EE /* Release */,
			);
			defaultConfigurationIsVisible = 0;
			defaultConfigurationName = Release;
		};
/* End XCConfigurationList section */

/* Begin XCRemoteSwiftPackageReference section */
		A6E576AE2A31A221008B76EE /* XCRemoteSwiftPackageReference "firebase-ios-sdk" */ = {
			isa = XCRemoteSwiftPackageReference;
			repositoryURL = "https://github.com/firebase/firebase-ios-sdk.git";
			requirement = {
				kind = upToNextMajorVersion;
				minimumVersion = 9.0.0;
			};
		};
/* End XCRemoteSwiftPackageReference section */

/* Begin XCSwiftPackageProductDependency section */
		A6E576AF2A31A221008B76EE /* FirebaseAuth */ = {
			isa = XCSwiftPackageProductDependency;
			package = A6E576AE2A31A221008B76EE /* XCRemoteSwiftPackageReference "firebase-ios-sdk" */;
			productName = FirebaseAuth;
		};
		A6E576B12A31A222008B76EE /* FirebaseFirestore */ = {
			isa = XCSwiftPackageProductDependency;
			package = A6E576AE2A31A221008B76EE /* XCRemoteSwiftPackageReference "firebase-ios-sdk" */;
			productName = FirebaseFirestore;
		};
		A6E576B32A31A222008B76EE /* FirebaseFirestoreSwift */ = {
			isa = XCSwiftPackageProductDependency;
			package = A6E576AE2A31A221008B76EE /* XCRemoteSwiftPackageReference "firebase-ios-sdk" */;
			productName = FirebaseFirestoreSwift;
		};
/* End XCSwiftPackageProductDependency section */
	};
	rootObject = A6E576792A319ED6008B76EE /* Project object */;
}
